<?xml version="1.0" encoding="utf-8"?>
<Project ToolsVersion="4.0" xmlns="http://schemas.microsoft.com/developer/msbuild/2003">
  <ItemGroup>
    <Filter Include="Source Files">
      <UniqueIdentifier>{4FC737F1-C7A5-4376-A066-2A32D752A2FF}</UniqueIdentifier>
      <Extensions>cpp;c;cc;cxx;def;odl;idl;hpj;bat;asm;asmx</Extensions>
    </Filter>
    <Filter Include="Header Files">
      <UniqueIdentifier>{93995380-89BD-4b04-88EB-625FBE52EBFB}</UniqueIdentifier>
      <Extensions>h;hh;hpp;hxx;hm;inl;inc;xsd</Extensions>
    </Filter>
    <Filter Include="Resource Files">
      <UniqueIdentifier>{67DA6AB6-F800-4c08-8B7A-83BB121AAD01}</UniqueIdentifier>
      <Extensions>rc;ico;cur;bmp;dlg;rc2;rct;bin;rgs;gif;jpg;jpeg;jpe;resx;tiff;tif;png;wav;mfcribbon-ms</Extensions>
    </Filter>
  </ItemGroup>
  <ItemGroup>
    <Text Include="ReadMe.txt" />
  </ItemGroup>
  <ItemGroup>
    <ClInclude Include="stdafx.h">
      <Filter>Header Files</Filter>
    </ClInclude>
    <ClInclude Include="targetver.h">
      <Filter>Header Files</Filter>
    </ClInclude>
    <ClInclude Include="value.h">
      <Filter>Header Files</Filter>
    </ClInclude>
    <ClInclude Include="domainconstants.h">
      <Filter>Header Files</Filter>
    </ClInclude>
    <ClInclude Include="basedoc.h">
      <Filter>Header Files</Filter>
    </ClInclude>
    <ClInclude Include="idatamanager.h">
      <Filter>Header Files</Filter>
    </ClInclude>
    <ClInclude Include="iservicefactory.h">
      <Filter>Header Files</Filter>
    </ClInclude>
    <ClInclude Include="baseitem.h">
      <Filter>Header Files</Filter>
    </ClInclude>
    <ClInclude Include="siglenameditem.h">
      <Filter>Header Files</Filter>
    </ClInclude>
    <ClInclude Include="departement.h">
      <Filter>Header Files</Filter>
    </ClInclude>
    <ClInclude Include="itemfactory.h">
      <Filter>Header Files</Filter>
    </ClInclude>
    <ClInclude Include="depsiglenameditem.h">
      <Filter>Header Files</Filter>
    </ClInclude>
    <ClInclude Include="groupe.h">
      <Filter>Header Files</Filter>
    </ClInclude>
    <ClInclude Include="unite.h">
      <Filter>Header Files</Filter>
    </ClInclude>
    <ClInclude Include="annee.h">
      <Filter>Header Files</Filter>
    </ClInclude>
    <ClInclude Include="semestre.h">
      <Filter>Header Files</Filter>
    </ClInclude>
    <ClInclude Include="matiere.h">
      <Filter>Header Files</Filter>
    </ClInclude>
    <ClInclude Include="person.h">
      <Filter>Header Files</Filter>
    </ClInclude>
    <ClInclude Include="md5.h">
      <Filter>Header Files</Filter>
    </ClInclude>
  </ItemGroup>
  <ItemGroup>
    <ClCompile Include="stdafx.cpp">
      <Filter>Source Files</Filter>
    </ClCompile>
    <ClCompile Include="value.cpp">
      <Filter>Source Files</Filter>
    </ClCompile>
    <ClCompile Include="domainconstants.cpp">
      <Filter>Source Files</Filter>
    </ClCompile>
    <ClCompile Include="basedoc.cpp">
      <Filter>Source Files</Filter>
    </ClCompile>
    <ClCompile Include="baseitem.cpp">
      <Filter>Source Files</Filter>
    </ClCompile>
    <ClCompile Include="siglenameditem.cpp">
      <Filter>Source Files</Filter>
    </ClCompile>
    <ClCompile Include="departement.cpp">
      <Filter>Source Files</Filter>
    </ClCompile>
    <ClCompile Include="itemfactory.cpp">
      <Filter>Source Files</Filter>
    </ClCompile>
    <ClCompile Include="depsiglenameditem.cpp">
      <Filter>Source Files</Filter>
    </ClCompile>
    <ClCompile Include="groupe.cpp">
      <Filter>Source Files</Filter>
    </ClCompile>
    <ClCompile Include="unite.cpp">
      <Filter>Source Files</Filter>
    </ClCompile>
    <ClCompile Include="annee.cpp">
      <Filter>Source Files</Filter>
    </ClCompile>
    <ClCompile Include="semestre.cpp">
      <Filter>Source Files</Filter>
    </ClCompile>
    <ClCompile Include="matiere.cpp">
      <Filter>Source Files</Filter>
    </ClCompile>
    <ClCompile Include="person.cpp">
      <Filter>Source Files</Filter>
    </ClCompile>
    <ClCompile Include="md5.cpp">
      <Filter>Source Files</Filter>
    </ClCompile>
  </ItemGroup>
</Project>